// !$*UTF8*$!
{
	archiveVersion = 1;
	classes = {
	};
	objectVersion = 46;
	objects = {

/* Begin PBXBuildFile section */
		84FB3B501BB408DE0009B034 /* AppDelegate.swift in Sources */ = {isa = PBXBuildFile; fileRef = 84FB3B4F1BB408DE0009B034 /* AppDelegate.swift */; };
		84FB3B521BB408DE0009B034 /* ViewController.swift in Sources */ = {isa = PBXBuildFile; fileRef = 84FB3B511BB408DE0009B034 /* ViewController.swift */; };
		84FB3B551BB408DE0009B034 /* Main.storyboard in Resources */ = {isa = PBXBuildFile; fileRef = 84FB3B531BB408DE0009B034 /* Main.storyboard */; };
		84FB3B571BB408DE0009B034 /* Assets.xcassets in Resources */ = {isa = PBXBuildFile; fileRef = 84FB3B561BB408DE0009B034 /* Assets.xcassets */; };
		84FB3B5A1BB408DE0009B034 /* LaunchScreen.storyboard in Resources */ = {isa = PBXBuildFile; fileRef = 84FB3B581BB408DE0009B034 /* LaunchScreen.storyboard */; };
		84FB3B651BB408DE0009B034 /* _____Tests.swift in Sources */ = {isa = PBXBuildFile; fileRef = 84FB3B641BB408DE0009B034 /* _____Tests.swift */; };
		84FB3B701BB408DE0009B034 /* _____UITests.swift in Sources */ = {isa = PBXBuildFile; fileRef = 84FB3B6F1BB408DE0009B034 /* _____UITests.swift */; };
		84FB3B7E1BB410190009B034 /* secondView.swift in Sources */ = {isa = PBXBuildFile; fileRef = 84FB3B7D1BB410190009B034 /* secondView.swift */; settings = {ASSET_TAGS = (); }; };
/* End PBXBuildFile section */

/* Begin PBXContainerItemProxy section */
		84FB3B611BB408DE0009B034 /* PBXContainerItemProxy */ = {
			isa = PBXContainerItemProxy;
			containerPortal = 84FB3B441BB408DD0009B034 /* Project object */;
			proxyType = 1;
			remoteGlobalIDString = 84FB3B4B1BB408DE0009B034;
			remoteInfo = "观察者模式";
		};
		84FB3B6C1BB408DE0009B034 /* PBXContainerItemProxy */ = {
			isa = PBXContainerItemProxy;
			containerPortal = 84FB3B441BB408DD0009B034 /* Project object */;
			proxyType = 1;
			remoteGlobalIDString = 84FB3B4B1BB408DE0009B034;
			remoteInfo = "观察者模式";
		};
/* End PBXContainerItemProxy section */

/* Begin PBXFileReference section */
		84FB3B4C1BB408DE0009B034 /* 观察者模式.app */ = {isa = PBXFileReference; explicitFileType = wrapper.application; includeInIndex = 0; path = "观察者模式.app"; sourceTree = BUILT_PRODUCTS_DIR; };
		84FB3B4F1BB408DE0009B034 /* AppDelegate.swift */ = {isa = PBXFileReference; lastKnownFileType = sourcecode.swift; path = AppDelegate.swift; sourceTree = "<group>"; };
		84FB3B511BB408DE0009B034 /* ViewController.swift */ = {isa = PBXFileReference; lastKnownFileType = sourcecode.swift; path = ViewController.swift; sourceTree = "<group>"; };
		84FB3B541BB408DE0009B034 /* Base */ = {isa = PBXFileReference; lastKnownFileType = file.storyboard; name = Base; path = Base.lproj/Main.storyboard; sourceTree = "<group>"; };
		84FB3B561BB408DE0009B034 /* Assets.xcassets */ = {isa = PBXFileReference; lastKnownFileType = folder.assetcatalog; path = Assets.xcassets; sourceTree = "<group>"; };
		84FB3B591BB408DE0009B034 /* Base */ = {isa = PBXFileReference; lastKnownFileType = file.storyboard; name = Base; path = Base.lproj/LaunchScreen.storyboard; sourceTree = "<group>"; };
		84FB3B5B1BB408DE0009B034 /* Info.plist */ = {isa = PBXFileReference; lastKnownFileType = text.plist.xml; path = Info.plist; sourceTree = "<group>"; };
		84FB3B601BB408DE0009B034 /* 观察者模式Tests.xctest */ = {isa = PBXFileReference; explicitFileType = wrapper.cfbundle; includeInIndex = 0; path = "观察者模式Tests.xctest"; sourceTree = BUILT_PRODUCTS_DIR; };
		84FB3B641BB408DE0009B034 /* _____Tests.swift */ = {isa = PBXFileReference; lastKnownFileType = sourcecode.swift; path = "_____Tests.swift"; sourceTree = "<group>"; };
		84FB3B661BB408DE0009B034 /* Info.plist */ = {isa = PBXFileReference; lastKnownFileType = text.plist.xml; path = Info.plist; sourceTree = "<group>"; };
		84FB3B6B1BB408DE0009B034 /* 观察者模式UITests.xctest */ = {isa = PBXFileReference; explicitFileType = wrapper.cfbundle; includeInIndex = 0; path = "观察者模式UITests.xctest"; sourceTree = BUILT_PRODUCTS_DIR; };
		84FB3B6F1BB408DE0009B034 /* _____UITests.swift */ = {isa = PBXFileReference; lastKnownFileType = sourcecode.swift; path = "_____UITests.swift"; sourceTree = "<group>"; };
		84FB3B711BB408DE0009B034 /* Info.plist */ = {isa = PBXFileReference; lastKnownFileType = text.plist.xml; path = Info.plist; sourceTree = "<group>"; };
		84FB3B7D1BB410190009B034 /* secondView.swift */ = {isa = PBXFileReference; fileEncoding = 4; lastKnownFileType = sourcecode.swift; path = secondView.swift; sourceTree = "<group>"; };
/* End PBXFileReference section */

/* Begin PBXFrameworksBuildPhase section */
		84FB3B491BB408DE0009B034 /* Frameworks */ = {
			isa = PBXFrameworksBuildPhase;
			buildActionMask = 2147483647;
			files = (
			);
			runOnlyForDeploymentPostprocessing = 0;
		};
		84FB3B5D1BB408DE0009B034 /* Frameworks */ = {
			isa = PBXFrameworksBuildPhase;
			buildActionMask = 2147483647;
			files = (
			);
			runOnlyForDeploymentPostprocessing = 0;
		};
		84FB3B681BB408DE0009B034 /* Frameworks */ = {
			isa = PBXFrameworksBuildPhase;
			buildActionMask = 2147483647;
			files = (
			);
			runOnlyForDeploymentPostprocessing = 0;
		};
/* End PBXFrameworksBuildPhase section */

/* Begin PBXGroup section */
		84FB3B431BB408DD0009B034 = {
			isa = PBXGroup;
			children = (
				84FB3B4E1BB408DE0009B034 /* 观察者模式 */,
				84FB3B631BB408DE0009B034 /* 观察者模式Tests */,
				84FB3B6E1BB408DE0009B034 /* 观察者模式UITests */,
				84FB3B4D1BB408DE0009B034 /* Products */,
			);
			sourceTree = "<group>";
		};
		84FB3B4D1BB408DE0009B034 /* Products */ = {
			isa = PBXGroup;
			children = (
				84FB3B4C1BB408DE0009B034 /* 观察者模式.app */,
				84FB3B601BB408DE0009B034 /* 观察者模式Tests.xctest */,
				84FB3B6B1BB408DE0009B034 /* 观察者模式UITests.xctest */,
			);
			name = Products;
			sourceTree = "<group>";
		};
		84FB3B4E1BB408DE0009B034 /* 观察者模式 */ = {
			isa = PBXGroup;
			children = (
				84FB3B4F1BB408DE0009B034 /* AppDelegate.swift */,
				84FB3B511BB408DE0009B034 /* ViewController.swift */,
				84FB3B531BB408DE0009B034 /* Main.storyboard */,
				84FB3B561BB408DE0009B034 /* Assets.xcassets */,
				84FB3B581BB408DE0009B034 /* LaunchScreen.storyboard */,
				84FB3B5B1BB408DE0009B034 /* Info.plist */,
				84FB3B7D1BB410190009B034 /* secondView.swift */,
			);
			path = "观察者模式";
			sourceTree = "<group>";
		};
		84FB3B631BB408DE0009B034 /* 观察者模式Tests */ = {
			isa = PBXGroup;
			children = (
				84FB3B641BB408DE0009B034 /* _____Tests.swift */,
				84FB3B661BB408DE0009B034 /* Info.plist */,
			);
			path = "观察者模式Tests";
			sourceTree = "<group>";
		};
		84FB3B6E1BB408DE0009B034 /* 观察者模式UITests */ = {
			isa = PBXGroup;
			children = (
				84FB3B6F1BB408DE0009B034 /* _____UITests.swift */,
				84FB3B711BB408DE0009B034 /* Info.plist */,
			);
			path = "观察者模式UITests";
			sourceTree = "<group>";
		};
/* End PBXGroup section */

/* Begin PBXNativeTarget section */
		84FB3B4B1BB408DE0009B034 /* 观察者模式 */ = {
			isa = PBXNativeTarget;
			buildConfigurationList = 84FB3B741BB408DE0009B034 /* Build configuration list for PBXNativeTarget "观察者模式" */;
			buildPhases = (
				84FB3B481BB408DE0009B034 /* Sources */,
				84FB3B491BB408DE0009B034 /* Frameworks */,
				84FB3B4A1BB408DE0009B034 /* Resources */,
			);
			buildRules = (
			);
			dependencies = (
			);
			name = "观察者模式";
			productName = "观察者模式";
			productReference = 84FB3B4C1BB408DE0009B034 /* 观察者模式.app */;
			productType = "com.apple.product-type.application";
		};
		84FB3B5F1BB408DE0009B034 /* 观察者模式Tests */ = {
			isa = PBXNativeTarget;
			buildConfigurationList = 84FB3B771BB408DE0009B034 /* Build configuration list for PBXNativeTarget "观察者模式Tests" */;
			buildPhases = (
				84FB3B5C1BB408DE0009B034 /* Sources */,
				84FB3B5D1BB408DE0009B034 /* Frameworks */,
				84FB3B5E1BB408DE0009B034 /* Resources */,
			);
			buildRules = (
			);
			dependencies = (
				84FB3B621BB408DE0009B034 /* PBXTargetDependency */,
			);
			name = "观察者模式Tests";
			productName = "观察者模式Tests";
			productReference = 84FB3B601BB408DE0009B034 /* 观察者模式Tests.xctest */;
			productType = "com.apple.product-type.bundle.unit-test";
		};
		84FB3B6A1BB408DE0009B034 /* 观察者模式UITests */ = {
			isa = PBXNativeTarget;
			buildConfigurationList = 84FB3B7A1BB408DE0009B034 /* Build configuration list for PBXNativeTarget "观察者模式UITests" */;
			buildPhases = (
				84FB3B671BB408DE0009B034 /* Sources */,
				84FB3B681BB408DE0009B034 /* Frameworks */,
				84FB3B691BB408DE0009B034 /* Resources */,
			);
			buildRules = (
			);
			dependencies = (
				84FB3B6D1BB408DE0009B034 /* PBXTargetDependency */,
			);
			name = "观察者模式UITests";
			productName = "观察者模式UITests";
			productReference = 84FB3B6B1BB408DE0009B034 /* 观察者模式UITests.xctest */;
			productType = "com.apple.product-type.bundle.ui-testing";
		};
/* End PBXNativeTarget section */

/* Begin PBXProject section */
		84FB3B441BB408DD0009B034 /* Project object */ = {
			isa = PBXProject;
			attributes = {
				LastUpgradeCheck = 0700;
				ORGANIZATIONNAME = xukun;
				TargetAttributes = {
					84FB3B4B1BB408DE0009B034 = {
						CreatedOnToolsVersion = 7.0;
					};
					84FB3B5F1BB408DE0009B034 = {
						CreatedOnToolsVersion = 7.0;
						TestTargetID = 84FB3B4B1BB408DE0009B034;
					};
					84FB3B6A1BB408DE0009B034 = {
						CreatedOnToolsVersion = 7.0;
						TestTargetID = 84FB3B4B1BB408DE0009B034;
					};
				};
			};
			buildConfigurationList = 84FB3B471BB408DD0009B034 /* Build configuration list for PBXProject "观察者模式" */;
			compatibilityVersion = "Xcode 3.2";
			developmentRegion = English;
			hasScannedForEncodings = 0;
			knownRegions = (
				en,
				Base,
			);
			mainGroup = 84FB3B431BB408DD0009B034;
			productRefGroup = 84FB3B4D1BB408DE0009B034 /* Products */;
			projectDirPath = "";
			projectRoot = "";
			targets = (
				84FB3B4B1BB408DE0009B034 /* 观察者模式 */,
				84FB3B5F1BB408DE0009B034 /* 观察者模式Tests */,
				84FB3B6A1BB408DE0009B034 /* 观察者模式UITests */,
			);
		};
/* End PBXProject section */

/* Begin PBXResourcesBuildPhase section */
		84FB3B4A1BB408DE0009B034 /* Resources */ = {
			isa = PBXResourcesBuildPhase;
			buildActionMask = 2147483647;
			files = (
				84FB3B5A1BB408DE0009B034 /* LaunchScreen.storyboard in Resources */,
				84FB3B571BB408DE0009B034 /* Assets.xcassets in Resources */,
				84FB3B551BB408DE0009B034 /* Main.storyboard in Resources */,
			);
			runOnlyForDeploymentPostprocessing = 0;
		};
		84FB3B5E1BB408DE0009B034 /* Resources */ = {
			isa = PBXResourcesBuildPhase;
			buildActionMask = 2147483647;
			files = (
			);
			runOnlyForDeploymentPostprocessing = 0;
		};
		84FB3B691BB408DE0009B034 /* Resources */ = {
			isa = PBXResourcesBuildPhase;
			buildActionMask = 2147483647;
			files = (
			);
			runOnlyForDeploymentPostprocessing = 0;
		};
/* End PBXResourcesBuildPhase section */

/* Begin PBXSourcesBuildPhase section */
		84FB3B481BB408DE0009B034 /* Sources */ = {
			isa = PBXSourcesBuildPhase;
			buildActionMask = 2147483647;
			files = (
				84FB3B521BB408DE0009B034 /* ViewController.swift in Sources */,
				84FB3B7E1BB410190009B034 /* secondView.swift in Sources */,
				84FB3B501BB408DE0009B034 /* AppDelegate.swift in Sources */,
			);
			runOnlyForDeploymentPostprocessing = 0;
		};
		84FB3B5C1BB408DE0009B034 /* Sources */ = {
			isa = PBXSourcesBuildPhase;
			buildActionMask = 2147483647;
			files = (
				84FB3B651BB408DE0009B034 /* _____Tests.swift in Sources */,
			);
			runOnlyForDeploymentPostprocessing = 0;
		};
		84FB3B671BB408DE0009B034 /* Sources */ = {
			isa = PBXSourcesBuildPhase;
			buildActionMask = 2147483647;
			files = (
				84FB3B701BB408DE0009B034 /* _____UITests.swift in Sources */,
			);
			runOnlyForDeploymentPostprocessing = 0;
		};
/* End PBXSourcesBuildPhase section */

/* Begin PBXTargetDependency section */
		84FB3B621BB408DE0009B034 /* PBXTargetDependency */ = {
			isa = PBXTargetDependency;
			target = 84FB3B4B1BB408DE0009B034 /* 观察者模式 */;
			targetProxy = 84FB3B611BB408DE0009B034 /* PBXContainerItemProxy */;
		};
		84FB3B6D1BB408DE0009B034 /* PBXTargetDependency */ = {
			isa = PBXTargetDependency;
			target = 84FB3B4B1BB408DE0009B034 /* 观察者模式 */;
			targetProxy = 84FB3B6C1BB408DE0009B034 /* PBXContainerItemProxy */;
		};
/* End PBXTargetDependency section */

/* Begin PBXVariantGroup section */
		84FB3B531BB408DE0009B034 /* Main.storyboard */ = {
			isa = PBXVariantGroup;
			children = (
				84FB3B541BB408DE0009B034 /* Base */,
			);
			name = Main.storyboard;
			sourceTree = "<group>";
		};
		84FB3B581BB408DE0009B034 /* LaunchScreen.storyboard */ = {
			isa = PBXVariantGroup;
			children = (
				84FB3B591BB408DE0009B034 /* Base */,
			);
			name = LaunchScreen.storyboard;
			sourceTree = "<group>";
		};
/* End PBXVariantGroup section */

/* Begin XCBuildConfiguration section */
		84FB3B721BB408DE0009B034 /* Debug */ = {
			isa = XCBuildConfiguration;
			buildSettings = {
				ALWAYS_SEARCH_USER_PATHS = NO;
				CLANG_CXX_LANGUAGE_STANDARD = "gnu++0x";
				CLANG_CXX_LIBRARY = "libc++";
				CLANG_ENABLE_MODULES = YES;
				CLANG_ENABLE_OBJC_ARC = YES;
				CLANG_WARN_BOOL_CONVERSION = YES;
				CLANG_WARN_CONSTANT_CONVERSION = YES;
				CLANG_WARN_DIRECT_OBJC_ISA_USAGE = YES_ERROR;
				CLANG_WARN_EMPTY_BODY = YES;
				CLANG_WARN_ENUM_CONVERSION = YES;
				CLANG_WARN_INT_CONVERSION = YES;
				CLANG_WARN_OBJC_ROOT_CLASS = YES_ERROR;
				CLANG_WARN_UNREACHABLE_CODE = YES;
				CLANG_WARN__DUPLICATE_METHOD_MATCH = YES;
				"CODE_SIGN_IDENTITY[sdk=iphoneos*]" = "iPhone Developer";
				COPY_PHASE_STRIP = NO;
				DEBUG_INFORMATION_FORMAT = dwarf;
				ENABLE_STRICT_OBJC_MSGSEND = YES;
				ENABLE_TESTABILITY = YES;
				GCC_C_LANGUAGE_STANDARD = gnu99;
				GCC_DYNAMIC_NO_PIC = NO;
				GCC_NO_COMMON_BLOCKS = YES;
				GCC_OPTIMIZATION_LEVEL = 0;
				GCC_PREPROCESSOR_DEFINITIONS = (
					"DEBUG=1",
					"$(inherited)",
				);
				GCC_WARN_64_TO_32_BIT_CONVERSION = YES;
				GCC_WARN_ABOUT_RETURN_TYPE = YES_ERROR;
				GCC_WARN_UNDECLARED_SELECTOR = YES;
				GCC_WARN_UNINITIALIZED_AUTOS = YES_AGGRESSIVE;
				GCC_WARN_UNUSED_FUNCTION = YES;
				GCC_WARN_UNUSED_VARIABLE = YES;
				IPHONEOS_DEPLOYMENT_TARGET = 9.0;
				MTL_ENABLE_DEBUG_INFO = YES;
				ONLY_ACTIVE_ARCH = YES;
				SDKROOT = iphoneos;
				SWIFT_OPTIMIZATION_LEVEL = "-Onone";
			};
			name = Debug;
		};
		84FB3B731BB408DE0009B034 /* Release */ = {
			isa = XCBuildConfiguration;
			buildSettings = {
				ALWAYS_SEARCH_USER_PATHS = NO;
				CLANG_CXX_LANGUAGE_STANDARD = "gnu++0x";
				CLANG_CXX_LIBRARY = "libc++";
				CLANG_ENABLE_MODULES = YES;
				CLANG_ENABLE_OBJC_ARC = YES;
				CLANG_WARN_BOOL_CONVERSION = YES;
				CLANG_WARN_CONSTANT_CONVERSION = YES;
				CLANG_WARN_DIRECT_OBJC_ISA_USAGE = YES_ERROR;
				CLANG_WARN_EMPTY_BODY = YES;
				CLANG_WARN_ENUM_CONVERSION = YES;
				CLANG_WARN_INT_CONVERSION = YES;
				CLANG_WARN_OBJC_ROOT_CLASS = YES_ERROR;
				CLANG_WARN_UNREACHABLE_CODE = YES;
				CLANG_WARN__DUPLICATE_METHOD_MATCH = YES;
				"CODE_SIGN_IDENTITY[sdk=iphoneos*]" = "iPhone Developer";
				COPY_PHASE_STRIP = NO;
				DEBUG_INFORMATION_FORMAT = "dwarf-with-dsym";
				ENABLE_NS_ASSERTIONS = NO;
				ENABLE_STRICT_OBJC_MSGSEND = YES;
				GCC_C_LANGUAGE_STANDARD = gnu99;
				GCC_NO_COMMON_BLOCKS = YES;
				GCC_WARN_64_TO_32_BIT_CONVERSION = YES;
				GCC_WARN_ABOUT_RETURN_TYPE = YES_ERROR;
				GCC_WARN_UNDECLARED_SELECTOR = YES;
				GCC_WARN_UNINITIALIZED_AUTOS = YES_AGGRESSIVE;
				GCC_WARN_UNUSED_FUNCTION = YES;
				GCC_WARN_UNUSED_VARIABLE = YES;
				IPHONEOS_DEPLOYMENT_TARGET = 9.0;
				MTL_ENABLE_DEBUG_INFO = NO;
				SDKROOT = iphoneos;
				VALIDATE_PRODUCT = YES;
			};
			name = Release;
		};
		84FB3B751BB408DE0009B034 /* Debug */ = {
			isa = XCBuildConfiguration;
			buildSettings = {
				ASSETCATALOG_COMPILER_APPICON_NAME = AppIcon;
				INFOPLIST_FILE = "观察者模式/Info.plist";
				LD_RUNPATH_SEARCH_PATHS = "$(inherited) @executable_path/Frameworks";
				PRODUCT_BUNDLE_IDENTIFIER = "cn.shou.xukun.-----";
				PRODUCT_NAME = "$(TARGET_NAME)";
			};
			name = Debug;
		};
		84FB3B761BB408DE0009B034 /* Release */ = {
			isa = XCBuildConfiguration;
			buildSettings = {
				ASSETCATALOG_COMPILER_APPICON_NAME = AppIcon;
				INFOPLIST_FILE = "观察者模式/Info.plist";
				LD_RUNPATH_SEARCH_PATHS = "$(inherited) @executable_path/Frameworks";
				PRODUCT_BUNDLE_IDENTIFIER = "cn.shou.xukun.-----";
				PRODUCT_NAME = "$(TARGET_NAME)";
			};
			name = Release;
		};
		84FB3B781BB408DE0009B034 /* Debug */ = {
			isa = XCBuildConfiguration;
			buildSettings = {
				BUNDLE_LOADER = "$(TEST_HOST)";
				INFOPLIST_FILE = "观察者模式Tests/Info.plist";
				LD_RUNPATH_SEARCH_PATHS = "$(inherited) @executable_path/Frameworks @loader_path/Frameworks";
				PRODUCT_BUNDLE_IDENTIFIER = "cn.shou.xukun.-----Tests";
				PRODUCT_NAME = "$(TARGET_NAME)";
				TEST_HOST = "$(BUILT_PRODUCTS_DIR)/观察者模式.app/观察者模式";
			};
			name = Debug;
		};
		84FB3B791BB408DE0009B034 /* Release */ = {
			isa = XCBuildConfiguration;
			buildSettings = {
				BUNDLE_LOADER = "$(TEST_HOST)";
				INFOPLIST_FILE = "观察者模式Tests/Info.plist";
				LD_RUNPATH_SEARCH_PATHS = "$(inherited) @executable_path/Frameworks @loader_path/Frameworks";
				PRODUCT_BUNDLE_IDENTIFIER = "cn.shou.xukun.-----Tests";
				PRODUCT_NAME = "$(TARGET_NAME)";
				TEST_HOST = "$(BUILT_PRODUCTS_DIR)/观察者模式.app/观察者模式";
			};
			name = Release;
		};
		84FB3B7B1BB408DE0009B034 /* Debug */ = {
			isa = XCBuildConfiguration;
			buildSettings = {
				INFOPLIST_FILE = "观察者模式UITests/Info.plist";
				LD_RUNPATH_SEARCH_PATHS = "$(inherited) @executable_path/Frameworks @loader_path/Frameworks";
				PRODUCT_BUNDLE_IDENTIFIER = "cn.shou.xukun.-----UITests";
				PRODUCT_NAME = "$(TARGET_NAME)";
				TEST_TARGET_NAME = "观察者模式";
				USES_XCTRUNNER = YES;
			};
			name = Debug;
		};
		84FB3B7C1BB408DE0009B034 /* Release */ = {
			isa = XCBuildConfiguration;
			buildSettings = {
				INFOPLIST_FILE = "观察者模式UITests/Info.plist";
				LD_RUNPATH_SEARCH_PATHS = "$(inherited) @executable_path/Frameworks @loader_path/Frameworks";
				PRODUCT_BUNDLE_IDENTIFIER = "cn.shou.xukun.-----UITests";
				PRODUCT_NAME = "$(TARGET_NAME)";
				TEST_TARGET_NAME = "观察者模式";
				USES_XCTRUNNER = YES;
			};
			name = Release;
		};
/* End XCBuildConfiguration section */

/* Begin XCConfigurationList section */
		84FB3B471BB408DD0009B034 /* Build configuration list for PBXProject "观察者模式" */ = {
			isa = XCConfigurationList;
			buildConfigurations = (
				84FB3B721BB408DE0009B034 /* Debug */,
				84FB3B731BB408DE0009B034 /* Release */,
			);
			defaultConfigurationIsVisible = 0;
			defaultConfigurationName = Release;
		};
		84FB3B741BB408DE0009B034 /* Build configuration list for PBXNativeTarget "观察者模式" */ = {
			isa = XCConfigurationList;
			buildConfigurations = (
				84FB3B751BB408DE0009B034 /* Debug */,
				84FB3B761BB408DE0009B034 /* Release */,
			);
			defaultConfigurationIsVisible = 0;
		};
		84FB3B771BB408DE0009B034 /* Build configuration list for PBXNativeTarget "观察者模式Tests" */ = {
			isa = XCConfigurationList;
			buildConfigurations = (
				84FB3B781BB408DE0009B034 /* Debug */,
				84FB3B791BB408DE0009B034 /* Release */,
			);
			defaultConfigurationIsVisible = 0;
		};
		84FB3B7A1BB408DE0009B034 /* Build configuration list for PBXNativeTarget "观察者模式UITests" */ = {
			isa = XCConfigurationList;
			buildConfigurations = (
				84FB3B7B1BB408DE0009B034 /* Debug */,
				84FB3B7C1BB408DE0009B034 /* Release */,
			);
			defaultConfigurationIsVisible = 0;
		};
/* End XCConfigurationList section */
	};
	rootObject = 84FB3B441BB408DD0009B034 /* Project object */;
}
